Microsoft Visual Studio Solution File, Format Version 12.00
# Visual Studio Version 17
VisualStudioVersion = 17.5.2.0
MinimumVisualStudioVersion = 10.0.40219.1
Project("{FAE04EC0-301F-11D3-BF4B-00C04F79EFBC}") = "TradeFlow.Orders", "TradeFlow.Orders\TradeFlow.Orders.csproj", "{5E1FA446-D229-BFAB-E756-6E7A8CFDA769}"
EndProject
Global
	GlobalSection(SolutionConfigurationPlatforms) = preSolution
		Debug|Any CPU = Debug|Any CPU
		Release|Any CPU = Release|Any CPU
	EndGlobalSection
	GlobalSection(ProjectConfigurationPlatforms) = postSolution
		{5E1FA446-D229-BFAB-E756-6E7A8CFDA769}.Debug|Any CPU.ActiveCfg = Debug|Any CPU
		{5E1FA446-D229-BFAB-E756-6E7A8CFDA769}.Debug|Any CPU.Build.0 = Debug|Any CPU
		{5E1FA446-D229-BFAB-E756-6E7A8CFDA769}.Release|Any CPU.ActiveCfg = Release|Any CPU
		{5E1FA446-D229-BFAB-E756-6E7A8CFDA769}.Release|Any CPU.Build.0 = Release|Any CPU
	EndGlobalSection
	GlobalSection(SolutionProperties) = preSolution
		HideSolutionNode = FALSE
	EndGlobalSection
	GlobalSection(ExtensibilityGlobals) = postSolution
		SolutionGuid = {98CCB04B-1843-416A-ACB8-9F047ED6E1A2}
	EndGlobalSection
EndGlobal
