
Microsoft Visual Studio Solution File, Format Version 12.00
# Visual Studio Version 17
VisualStudioVersion = 17.5.2.0
MinimumVisualStudioVersion = 10.0.40219.1
Project("{FAE04EC0-301F-11D3-BF4B-00C04F79EFBC}") = "TradeFlow.Orders", "TradeFlow.Orders\TradeFlow.Orders.csproj", "{5E1FA446-D229-BFAB-E756-6E7A8CFDA769}"
EndProject
Project("{FAE04EC0-301F-11D3-BF4B-00C04F79EFBC}") = "TradeFlow.Orders.Tests", "TradeFlow.Orders.Tests\TradeFlow.Orders.Tests.csproj", "{A29CCD40-1A92-4CB3-8B0E-FCD711F99BBC}"
EndProject
Global
	GlobalSection(SolutionConfigurationPlatforms) = preSolution
		Debug|Any CPU = Debug|Any CPU
		Debug|x64 = Debug|x64
		Debug|x86 = Debug|x86
		Release|Any CPU = Release|Any CPU
		Release|x64 = Release|x64
		Release|x86 = Release|x86
	EndGlobalSection
	GlobalSection(ProjectConfigurationPlatforms) = postSolution
		{5E1FA446-D229-BFAB-E756-6E7A8CFDA769}.Debug|Any CPU.ActiveCfg = Debug|Any CPU
		{5E1FA446-D229-BFAB-E756-6E7A8CFDA769}.Debug|Any CPU.Build.0 = Debug|Any CPU
		{5E1FA446-D229-BFAB-E756-6E7A8CFDA769}.Debug|x64.ActiveCfg = Debug|Any CPU
		{5E1FA446-D229-BFAB-E756-6E7A8CFDA769}.Debug|x64.Build.0 = Debug|Any CPU
		{5E1FA446-D229-BFAB-E756-6E7A8CFDA769}.Debug|x86.ActiveCfg = Debug|Any CPU
		{5E1FA446-D229-BFAB-E756-6E7A8CFDA769}.Debug|x86.Build.0 = Debug|Any CPU
		{5E1FA446-D229-BFAB-E756-6E7A8CFDA769}.Release|Any CPU.ActiveCfg = Release|Any CPU
		{5E1FA446-D229-BFAB-E756-6E7A8CFDA769}.Release|Any CPU.Build.0 = Release|Any CPU
		{5E1FA446-D229-BFAB-E756-6E7A8CFDA769}.Release|x64.ActiveCfg = Release|Any CPU
		{5E1FA446-D229-BFAB-E756-6E7A8CFDA769}.Release|x64.Build.0 = Release|Any CPU
		{5E1FA446-D229-BFAB-E756-6E7A8CFDA769}.Release|x86.ActiveCfg = Release|Any CPU
		{5E1FA446-D229-BFAB-E756-6E7A8CFDA769}.Release|x86.Build.0 = Release|Any CPU
		{A29CCD40-1A92-4CB3-8B0E-FCD711F99BBC}.Debug|Any CPU.ActiveCfg = Debug|Any CPU
		{A29CCD40-1A92-4CB3-8B0E-FCD711F99BBC}.Debug|Any CPU.Build.0 = Debug|Any CPU
		{A29CCD40-1A92-4CB3-8B0E-FCD711F99BBC}.Debug|x64.ActiveCfg = Debug|Any CPU
		{A29CCD40-1A92-4CB3-8B0E-FCD711F99BBC}.Debug|x64.Build.0 = Debug|Any CPU
		{A29CCD40-1A92-4CB3-8B0E-FCD711F99BBC}.Debug|x86.ActiveCfg = Debug|Any CPU
		{A29CCD40-1A92-4CB3-8B0E-FCD711F99BBC}.Debug|x86.Build.0 = Debug|Any CPU
		{A29CCD40-1A92-4CB3-8B0E-FCD711F99BBC}.Release|Any CPU.ActiveCfg = Release|Any CPU
		{A29CCD40-1A92-4CB3-8B0E-FCD711F99BBC}.Release|Any CPU.Build.0 = Release|Any CPU
		{A29CCD40-1A92-4CB3-8B0E-FCD711F99BBC}.Release|x64.ActiveCfg = Release|Any CPU
		{A29CCD40-1A92-4CB3-8B0E-FCD711F99BBC}.Release|x64.Build.0 = Release|Any CPU
		{A29CCD40-1A92-4CB3-8B0E-FCD711F99BBC}.Release|x86.ActiveCfg = Release|Any CPU
		{A29CCD40-1A92-4CB3-8B0E-FCD711F99BBC}.Release|x86.Build.0 = Release|Any CPU
	EndGlobalSection
	GlobalSection(SolutionProperties) = preSolution
		HideSolutionNode = FALSE
	EndGlobalSection
	GlobalSection(ExtensibilityGlobals) = postSolution
		SolutionGuid = {98CCB04B-1843-416A-ACB8-9F047ED6E1A2}
	EndGlobalSection
EndGlobal
